
Microsoft Visual Studio Solution File, Format Version 12.00
# Visual Studio Version 17
VisualStudioVersion = 17.2.32602.215
MinimumVisualStudioVersion = 10.0.40219.1
Project("{FAE04EC0-301F-11D3-BF4B-00C04F79EFBC}") = "TTSAPIConnector", "TTSAPIConnector.csproj", "{00C4C426-2047-4FB6-8E8C-89D1C7B8E551}"
EndProject
Global
	GlobalSection(SolutionConfigurationPlatforms) = preSolution
		Debug|Any CPU = Debug|Any CPU
		Release|Any CPU = Release|Any CPU
	EndGlobalSection
	GlobalSection(ProjectConfigurationPlatforms) = postSolution
		{00C4C426-2047-4FB6-8E8C-89D1C7B8E551}.Debug|Any CPU.ActiveCfg = Debug|Any CPU
		{00C4C426-2047-4FB6-8E8C-89D1C7B8E551}.Debug|Any CPU.Build.0 = Debug|Any CPU
		{00C4C426-2047-4FB6-8E8C-89D1C7B8E551}.Release|Any CPU.ActiveCfg = Release|Any CPU
		{00C4C426-2047-4FB6-8E8C-89D1C7B8E551}.Release|Any CPU.Build.0 = Release|Any CPU
	EndGlobalSection
	GlobalSection(SolutionProperties) = preSolution
		HideSolutionNode = FALSE
	EndGlobalSection
	GlobalSection(ExtensibilityGlobals) = postSolution
		SolutionGuid = {829BF79E-C9FD-48B3-AD67-309260765E24}
	EndGlobalSection
EndGlobal
